Microsoft Visual Studio Solution File, Format Version 12.00
# Visual Studio Version 17
VisualStudioVersion = 17.5.2.0
MinimumVisualStudioVersion = 10.0.40219.1
Project("{FAE04EC0-301F-11D3-BF4B-00C04F79EFBC}") = "zapat", "zapat.csproj", "{A2922DDA-CE0A-19EC-B2FA-F74F07F6FCE3}"
EndProject
Global
	GlobalSection(SolutionConfigurationPlatforms) = preSolution
		Debug|Any CPU = Debug|Any CPU
		Release|Any CPU = Release|Any CPU
	EndGlobalSection
	GlobalSection(ProjectConfigurationPlatforms) = postSolution
		{A2922DDA-CE0A-19EC-B2FA-F74F07F6FCE3}.Debug|Any CPU.ActiveCfg = Debug|Any CPU
		{A2922DDA-CE0A-19EC-B2FA-F74F07F6FCE3}.Debug|Any CPU.Build.0 = Debug|Any CPU
		{A2922DDA-CE0A-19EC-B2FA-F74F07F6FCE3}.Release|Any CPU.ActiveCfg = Release|Any CPU
		{A2922DDA-CE0A-19EC-B2FA-F74F07F6FCE3}.Release|Any CPU.Build.0 = Release|Any CPU
	EndGlobalSection
	GlobalSection(SolutionProperties) = preSolution
		HideSolutionNode = FALSE
	EndGlobalSection
	GlobalSection(ExtensibilityGlobals) = postSolution
		SolutionGuid = {E0BB8C42-E355-472F-B64F-0CBCE511FAD7}
	EndGlobalSection
EndGlobal
